// !$*UTF8*$!
{
	archiveVersion = 1;
	classes = {
	};
	objectVersion = 46;
	objects = {

/* Begin PBXBuildFile section */
		EB0BFF5F19B1584E00351D47 /* Measurement.m in Sources */ = {isa = PBXBuildFile; fileRef = EB0BFF5E19B1584E00351D47 /* Measurement.m */; };
		EB0BFF6319B159EE00351D47 /* Amount.m in Sources */ = {isa = PBXBuildFile; fileRef = EB0BFF6219B159EE00351D47 /* Amount.m */; };
		EB0BFF6519B15A6C00351D47 /* Model2ToModel3.xcmappingmodel in Sources */ = {isa = PBXBuildFile; fileRef = EB0BFF6419B15A6C00351D47 /* Model2ToModel3.xcmappingmodel */; };
		EB3EF73A19B13BF0004C403E /* Model.xcdatamodeld in Sources */ = {isa = PBXBuildFile; fileRef = EB3EF73819B13BF0004C403E /* Model.xcdatamodeld */; };
		EB3EF73D19B142FB004C403E /* Item.m in Sources */ = {isa = PBXBuildFile; fileRef = EB3EF73C19B142FB004C403E /* Item.m */; };
		EB3F969819B0CF6F008981D3 /* Foundation.framework in Frameworks */ = {isa = PBXBuildFile; fileRef = EB3F969719B0CF6F008981D3 /* Foundation.framework */; };
		EB3F969A19B0CF6F008981D3 /* CoreGraphics.framework in Frameworks */ = {isa = PBXBuildFile; fileRef = EB3F969919B0CF6F008981D3 /* CoreGraphics.framework */; };
		EB3F969C19B0CF6F008981D3 /* UIKit.framework in Frameworks */ = {isa = PBXBuildFile; fileRef = EB3F969B19B0CF6F008981D3 /* UIKit.framework */; };
		EB3F96A219B0CF6F008981D3 /* InfoPlist.strings in Resources */ = {isa = PBXBuildFile; fileRef = EB3F96A019B0CF6F008981D3 /* InfoPlist.strings */; };
		EB3F96A419B0CF6F008981D3 /* main.m in Sources */ = {isa = PBXBuildFile; fileRef = EB3F96A319B0CF6F008981D3 /* main.m */; };
		EB3F96A819B0CF6F008981D3 /* AppDelegate.m in Sources */ = {isa = PBXBuildFile; fileRef = EB3F96A719B0CF6F008981D3 /* AppDelegate.m */; };
		EB3F96AB19B0CF6F008981D3 /* Main.storyboard in Resources */ = {isa = PBXBuildFile; fileRef = EB3F96A919B0CF6F008981D3 /* Main.storyboard */; };
		EB3F96AE19B0CF6F008981D3 /* ViewController.m in Sources */ = {isa = PBXBuildFile; fileRef = EB3F96AD19B0CF6F008981D3 /* ViewController.m */; };
		EB3F96B019B0CF6F008981D3 /* Images.xcassets in Resources */ = {isa = PBXBuildFile; fileRef = EB3F96AF19B0CF6F008981D3 /* Images.xcassets */; };
		EB3F96B719B0CF6F008981D3 /* XCTest.framework in Frameworks */ = {isa = PBXBuildFile; fileRef = EB3F96B619B0CF6F008981D3 /* XCTest.framework */; };
		EB3F96B819B0CF6F008981D3 /* Foundation.framework in Frameworks */ = {isa = PBXBuildFile; fileRef = EB3F969719B0CF6F008981D3 /* Foundation.framework */; };
		EB3F96B919B0CF6F008981D3 /* UIKit.framework in Frameworks */ = {isa = PBXBuildFile; fileRef = EB3F969B19B0CF6F008981D3 /* UIKit.framework */; };
		EB3F96C119B0CF6F008981D3 /* InfoPlist.strings in Resources */ = {isa = PBXBuildFile; fileRef = EB3F96BF19B0CF6F008981D3 /* InfoPlist.strings */; };
		EB3F96C319B0CF6F008981D3 /* GroceryDudeTests.m in Sources */ = {isa = PBXBuildFile; fileRef = EB3F96C219B0CF6F008981D3 /* GroceryDudeTests.m */; };
		EB3F96D719B0D306008981D3 /* CoreData.framework in Frameworks */ = {isa = PBXBuildFile; fileRef = EB3F96D619B0D306008981D3 /* CoreData.framework */; };
		EB3F96DB19B0D377008981D3 /* CoreDataHelper.m in Sources */ = {isa = PBXBuildFile; fileRef = EB3F96DA19B0D377008981D3 /* CoreDataHelper.m */; };
/* End PBXBuildFile section */

/* Begin PBXContainerItemProxy section */
		EB3F96BA19B0CF6F008981D3 /* PBXContainerItemProxy */ = {
			isa = PBXContainerItemProxy;
			containerPortal = EB3F968C19B0CF6F008981D3 /* Project object */;
			proxyType = 1;
			remoteGlobalIDString = EB3F969319B0CF6F008981D3;
			remoteInfo = GroceryDude;
		};
/* End PBXContainerItemProxy section */

/* Begin PBXFileReference section */
		EB0BFF5C19B156B300351D47 /* Model 2.xcdatamodel */ = {isa = PBXFileReference; lastKnownFileType = wrapper.xcdatamodel; path = "Model 2.xcdatamodel"; sourceTree = "<group>"; };
		EB0BFF5D19B1584E00351D47 /* Measurement.h */ = {isa = PBXFileReference; fileEncoding = 4; lastKnownFileType = sourcecode.c.h; path = Measurement.h; sourceTree = "<group>"; };
		EB0BFF5E19B1584E00351D47 /* Measurement.m */ = {isa = PBXFileReference; fileEncoding = 4; lastKnownFileType = sourcecode.c.objc; path = Measurement.m; sourceTree = "<group>"; };
		EB0BFF6019B159B200351D47 /* Model 3.xcdatamodel */ = {isa = PBXFileReference; lastKnownFileType = wrapper.xcdatamodel; path = "Model 3.xcdatamodel"; sourceTree = "<group>"; };
		EB0BFF6119B159EE00351D47 /* Amount.h */ = {isa = PBXFileReference; fileEncoding = 4; lastKnownFileType = sourcecode.c.h; path = Amount.h; sourceTree = "<group>"; };
		EB0BFF6219B159EE00351D47 /* Amount.m */ = {isa = PBXFileReference; fileEncoding = 4; lastKnownFileType = sourcecode.c.objc; path = Amount.m; sourceTree = "<group>"; };
		EB0BFF6419B15A6C00351D47 /* Model2ToModel3.xcmappingmodel */ = {isa = PBXFileReference; lastKnownFileType = wrapper.xcmappingmodel; path = Model2ToModel3.xcmappingmodel; sourceTree = "<group>"; };
		EB3EF73919B13BF0004C403E /* Model.xcdatamodel */ = {isa = PBXFileReference; lastKnownFileType = wrapper.xcdatamodel; path = Model.xcdatamodel; sourceTree = "<group>"; };
		EB3EF73B19B142FB004C403E /* Item.h */ = {isa = PBXFileReference; fileEncoding = 4; lastKnownFileType = sourcecode.c.h; path = Item.h; sourceTree = "<group>"; };
		EB3EF73C19B142FB004C403E /* Item.m */ = {isa = PBXFileReference; fileEncoding = 4; lastKnownFileType = sourcecode.c.objc; path = Item.m; sourceTree = "<group>"; };
		EB3F969419B0CF6F008981D3 /* GroceryDude.app */ = {isa = PBXFileReference; explicitFileType = wrapper.application; includeInIndex = 0; path = GroceryDude.app; sourceTree = BUILT_PRODUCTS_DIR; };
		EB3F969719B0CF6F008981D3 /* Foundation.framework */ = {isa = PBXFileReference; lastKnownFileType = wrapper.framework; name = Foundation.framework; path = System/Library/Frameworks/Foundation.framework; sourceTree = SDKROOT; };
		EB3F969919B0CF6F008981D3 /* CoreGraphics.framework */ = {isa = PBXFileReference; lastKnownFileType = wrapper.framework; name = CoreGraphics.framework; path = System/Library/Frameworks/CoreGraphics.framework; sourceTree = SDKROOT; };
		EB3F969B19B0CF6F008981D3 /* UIKit.framework */ = {isa = PBXFileReference; lastKnownFileType = wrapper.framework; name = UIKit.framework; path = System/Library/Frameworks/UIKit.framework; sourceTree = SDKROOT; };
		EB3F969F19B0CF6F008981D3 /* GroceryDude-Info.plist */ = {isa = PBXFileReference; lastKnownFileType = text.plist.xml; path = "GroceryDude-Info.plist"; sourceTree = "<group>"; };
		EB3F96A119B0CF6F008981D3 /* en */ = {isa = PBXFileReference; lastKnownFileType = text.plist.strings; name = en; path = en.lproj/InfoPlist.strings; sourceTree = "<group>"; };
		EB3F96A319B0CF6F008981D3 /* main.m */ = {isa = PBXFileReference; lastKnownFileType = sourcecode.c.objc; path = main.m; sourceTree = "<group>"; };
		EB3F96A519B0CF6F008981D3 /* GroceryDude-Prefix.pch */ = {isa = PBXFileReference; lastKnownFileType = sourcecode.c.h; path = "GroceryDude-Prefix.pch"; sourceTree = "<group>"; };
		EB3F96A619B0CF6F008981D3 /* AppDelegate.h */ = {isa = PBXFileReference; lastKnownFileType = sourcecode.c.h; path = AppDelegate.h; sourceTree = "<group>"; };
		EB3F96A719B0CF6F008981D3 /* AppDelegate.m */ = {isa = PBXFileReference; lastKnownFileType = sourcecode.c.objc; path = AppDelegate.m; sourceTree = "<group>"; };
		EB3F96AA19B0CF6F008981D3 /* Base */ = {isa = PBXFileReference; lastKnownFileType = file.storyboard; name = Base; path = Base.lproj/Main.storyboard; sourceTree = "<group>"; };
		EB3F96AC19B0CF6F008981D3 /* ViewController.h */ = {isa = PBXFileReference; lastKnownFileType = sourcecode.c.h; path = ViewController.h; sourceTree = "<group>"; };
		EB3F96AD19B0CF6F008981D3 /* ViewController.m */ = {isa = PBXFileReference; lastKnownFileType = sourcecode.c.objc; path = ViewController.m; sourceTree = "<group>"; };
		EB3F96AF19B0CF6F008981D3 /* Images.xcassets */ = {isa = PBXFileReference; lastKnownFileType = folder.assetcatalog; path = Images.xcassets; sourceTree = "<group>"; };
		EB3F96B519B0CF6F008981D3 /* GroceryDudeTests.xctest */ = {isa = PBXFileReference; explicitFileType = wrapper.cfbundle; includeInIndex = 0; path = GroceryDudeTests.xctest; sourceTree = BUILT_PRODUCTS_DIR; };
		EB3F96B619B0CF6F008981D3 /* XCTest.framework */ = {isa = PBXFileReference; lastKnownFileType = wrapper.framework; name = XCTest.framework; path = Library/Frameworks/XCTest.framework; sourceTree = DEVELOPER_DIR; };
		EB3F96BE19B0CF6F008981D3 /* GroceryDudeTests-Info.plist */ = {isa = PBXFileReference; lastKnownFileType = text.plist.xml; path = "GroceryDudeTests-Info.plist"; sourceTree = "<group>"; };
		EB3F96C019B0CF6F008981D3 /* en */ = {isa = PBXFileReference; lastKnownFileType = text.plist.strings; name = en; path = en.lproj/InfoPlist.strings; sourceTree = "<group>"; };
		EB3F96C219B0CF6F008981D3 /* GroceryDudeTests.m */ = {isa = PBXFileReference; lastKnownFileType = sourcecode.c.objc; path = GroceryDudeTests.m; sourceTree = "<group>"; };
		EB3F96D619B0D306008981D3 /* CoreData.framework */ = {isa = PBXFileReference; lastKnownFileType = wrapper.framework; name = CoreData.framework; path = System/Library/Frameworks/CoreData.framework; sourceTree = SDKROOT; };
		EB3F96D919B0D377008981D3 /* CoreDataHelper.h */ = {isa = PBXFileReference; fileEncoding = 4; lastKnownFileType = sourcecode.c.h; path = CoreDataHelper.h; sourceTree = "<group>"; };
		EB3F96DA19B0D377008981D3 /* CoreDataHelper.m */ = {isa = PBXFileReference; fileEncoding = 4; lastKnownFileType = sourcecode.c.objc; path = CoreDataHelper.m; sourceTree = "<group>"; };
/* End PBXFileReference section */

/* Begin PBXFrameworksBuildPhase section */
		EB3F969119B0CF6F008981D3 /* Frameworks */ = {
			isa = PBXFrameworksBuildPhase;
			buildActionMask = 2147483647;
			files = (
				EB3F96D719B0D306008981D3 /* CoreData.framework in Frameworks */,
				EB3F969A19B0CF6F008981D3 /* CoreGraphics.framework in Frameworks */,
				EB3F969C19B0CF6F008981D3 /* UIKit.framework in Frameworks */,
				EB3F969819B0CF6F008981D3 /* Foundation.framework in Frameworks */,
			);
			runOnlyForDeploymentPostprocessing = 0;
		};
		EB3F96B219B0CF6F008981D3 /* Frameworks */ = {
			isa = PBXFrameworksBuildPhase;
			buildActionMask = 2147483647;
			files = (
				EB3F96B719B0CF6F008981D3 /* XCTest.framework in Frameworks */,
				EB3F96B919B0CF6F008981D3 /* UIKit.framework in Frameworks */,
				EB3F96B819B0CF6F008981D3 /* Foundation.framework in Frameworks */,
			);
			runOnlyForDeploymentPostprocessing = 0;
		};
/* End PBXFrameworksBuildPhase section */

/* Begin PBXGroup section */
		EB3EF73719B13BD8004C403E /* Data Model */ = {
			isa = PBXGroup;
			children = (
				EB3EF73819B13BF0004C403E /* Model.xcdatamodeld */,
				EB0BFF6419B15A6C00351D47 /* Model2ToModel3.xcmappingmodel */,
				EB0BFF6119B159EE00351D47 /* Amount.h */,
				EB0BFF6219B159EE00351D47 /* Amount.m */,
				EB0BFF5D19B1584E00351D47 /* Measurement.h */,
				EB0BFF5E19B1584E00351D47 /* Measurement.m */,
				EB3EF73B19B142FB004C403E /* Item.h */,
				EB3EF73C19B142FB004C403E /* Item.m */,
			);
			name = "Data Model";
			sourceTree = "<group>";
		};
		EB3F968B19B0CF6F008981D3 = {
			isa = PBXGroup;
			children = (
				EB3F969D19B0CF6F008981D3 /* GroceryDude */,
				EB3F96BC19B0CF6F008981D3 /* GroceryDudeTests */,
				EB3F969619B0CF6F008981D3 /* Frameworks */,
				EB3F969519B0CF6F008981D3 /* Products */,
			);
			sourceTree = "<group>";
		};
		EB3F969519B0CF6F008981D3 /* Products */ = {
			isa = PBXGroup;
			children = (
				EB3F969419B0CF6F008981D3 /* GroceryDude.app */,
				EB3F96B519B0CF6F008981D3 /* GroceryDudeTests.xctest */,
			);
			name = Products;
			sourceTree = "<group>";
		};
		EB3F969619B0CF6F008981D3 /* Frameworks */ = {
			isa = PBXGroup;
			children = (
				EB3F96D619B0D306008981D3 /* CoreData.framework */,
				EB3F969719B0CF6F008981D3 /* Foundation.framework */,
				EB3F969919B0CF6F008981D3 /* CoreGraphics.framework */,
				EB3F969B19B0CF6F008981D3 /* UIKit.framework */,
				EB3F96B619B0CF6F008981D3 /* XCTest.framework */,
			);
			name = Frameworks;
			sourceTree = "<group>";
		};
		EB3F969D19B0CF6F008981D3 /* GroceryDude */ = {
			isa = PBXGroup;
			children = (
				EB3EF73719B13BD8004C403E /* Data Model */,
				EB3F96D819B0D340008981D3 /* GenericCoreDataClasses */,
				EB3F96A619B0CF6F008981D3 /* AppDelegate.h */,
				EB3F96A719B0CF6F008981D3 /* AppDelegate.m */,
				EB3F96A919B0CF6F008981D3 /* Main.storyboard */,
				EB3F96AC19B0CF6F008981D3 /* ViewController.h */,
				EB3F96AD19B0CF6F008981D3 /* ViewController.m */,
				EB3F96AF19B0CF6F008981D3 /* Images.xcassets */,
				EB3F969E19B0CF6F008981D3 /* Supporting Files */,
			);
			path = GroceryDude;
			sourceTree = "<group>";
		};
		EB3F969E19B0CF6F008981D3 /* Supporting Files */ = {
			isa = PBXGroup;
			children = (
				EB3F969F19B0CF6F008981D3 /* GroceryDude-Info.plist */,
				EB3F96A019B0CF6F008981D3 /* InfoPlist.strings */,
				EB3F96A319B0CF6F008981D3 /* main.m */,
				EB3F96A519B0CF6F008981D3 /* GroceryDude-Prefix.pch */,
			);
			name = "Supporting Files";
			sourceTree = "<group>";
		};
		EB3F96BC19B0CF6F008981D3 /* GroceryDudeTests */ = {
			isa = PBXGroup;
			children = (
				EB3F96C219B0CF6F008981D3 /* GroceryDudeTests.m */,
				EB3F96BD19B0CF6F008981D3 /* Supporting Files */,
			);
			path = GroceryDudeTests;
			sourceTree = "<group>";
		};
		EB3F96BD19B0CF6F008981D3 /* Supporting Files */ = {
			isa = PBXGroup;
			children = (
				EB3F96BE19B0CF6F008981D3 /* GroceryDudeTests-Info.plist */,
				EB3F96BF19B0CF6F008981D3 /* InfoPlist.strings */,
			);
			name = "Supporting Files";
			sourceTree = "<group>";
		};
		EB3F96D819B0D340008981D3 /* GenericCoreDataClasses */ = {
			isa = PBXGroup;
			children = (
				EB3F96D919B0D377008981D3 /* CoreDataHelper.h */,
				EB3F96DA19B0D377008981D3 /* CoreDataHelper.m */,
			);
			name = GenericCoreDataClasses;
			sourceTree = "<group>";
		};
/* End PBXGroup section */

/* Begin PBXNativeTarget section */
		EB3F969319B0CF6F008981D3 /* GroceryDude */ = {
			isa = PBXNativeTarget;
			buildConfigurationList = EB3F96C619B0CF6F008981D3 /* Build configuration list for PBXNativeTarget "GroceryDude" */;
			buildPhases = (
				EB3F969019B0CF6F008981D3 /* Sources */,
				EB3F969119B0CF6F008981D3 /* Frameworks */,
				EB3F969219B0CF6F008981D3 /* Resources */,
			);
			buildRules = (
			);
			dependencies = (
			);
			name = GroceryDude;
			productName = GroceryDude;
			productReference = EB3F969419B0CF6F008981D3 /* GroceryDude.app */;
			productType = "com.apple.product-type.application";
		};
		EB3F96B419B0CF6F008981D3 /* GroceryDudeTests */ = {
			isa = PBXNativeTarget;
			buildConfigurationList = EB3F96C919B0CF6F008981D3 /* Build configuration list for PBXNativeTarget "GroceryDudeTests" */;
			buildPhases = (
				EB3F96B119B0CF6F008981D3 /* Sources */,
				EB3F96B219B0CF6F008981D3 /* Frameworks */,
				EB3F96B319B0CF6F008981D3 /* Resources */,
			);
			buildRules = (
			);
			dependencies = (
				EB3F96BB19B0CF6F008981D3 /* PBXTargetDependency */,
			);
			name = GroceryDudeTests;
			productName = GroceryDudeTests;
			productReference = EB3F96B519B0CF6F008981D3 /* GroceryDudeTests.xctest */;
			productType = "com.apple.product-type.bundle.unit-test";
		};
/* End PBXNativeTarget section */

/* Begin PBXProject section */
		EB3F968C19B0CF6F008981D3 /* Project object */ = {
			isa = PBXProject;
			attributes = {
				LastUpgradeCheck = 0510;
				ORGANIZATIONNAME = "Pedro Contreras Nava";
				TargetAttributes = {
					EB3F96B419B0CF6F008981D3 = {
						TestTargetID = EB3F969319B0CF6F008981D3;
					};
				};
			};
			buildConfigurationList = EB3F968F19B0CF6F008981D3 /* Build configuration list for PBXProject "GroceryDude" */;
			compatibilityVersion = "Xcode 3.2";
			developmentRegion = English;
			hasScannedForEncodings = 0;
			knownRegions = (
				en,
				Base,
			);
			mainGroup = EB3F968B19B0CF6F008981D3;
			productRefGroup = EB3F969519B0CF6F008981D3 /* Products */;
			projectDirPath = "";
			projectRoot = "";
			targets = (
				EB3F969319B0CF6F008981D3 /* GroceryDude */,
				EB3F96B419B0CF6F008981D3 /* GroceryDudeTests */,
			);
		};
/* End PBXProject section */

/* Begin PBXResourcesBuildPhase section */
		EB3F969219B0CF6F008981D3 /* Resources */ = {
			isa = PBXResourcesBuildPhase;
			buildActionMask = 2147483647;
			files = (
				EB3F96B019B0CF6F008981D3 /* Images.xcassets in Resources */,
				EB3F96A219B0CF6F008981D3 /* InfoPlist.strings in Resources */,
				EB3F96AB19B0CF6F008981D3 /* Main.storyboard in Resources */,
			);
			runOnlyForDeploymentPostprocessing = 0;
		};
		EB3F96B319B0CF6F008981D3 /* Resources */ = {
			isa = PBXResourcesBuildPhase;
			buildActionMask = 2147483647;
			files = (
				EB3F96C119B0CF6F008981D3 /* InfoPlist.strings in Resources */,
			);
			runOnlyForDeploymentPostprocessing = 0;
		};
/* End PBXResourcesBuildPhase section */

/* Begin PBXSourcesBuildPhase section */
		EB3F969019B0CF6F008981D3 /* Sources */ = {
			isa = PBXSourcesBuildPhase;
			buildActionMask = 2147483647;
			files = (
				EB3EF73D19B142FB004C403E /* Item.m in Sources */,
				EB0BFF6519B15A6C00351D47 /* Model2ToModel3.xcmappingmodel in Sources */,
				EB3F96AE19B0CF6F008981D3 /* ViewController.m in Sources */,
				EB3F96A819B0CF6F008981D3 /* AppDelegate.m in Sources */,
				EB3EF73A19B13BF0004C403E /* Model.xcdatamodeld in Sources */,
				EB3F96DB19B0D377008981D3 /* CoreDataHelper.m in Sources */,
				EB0BFF5F19B1584E00351D47 /* Measurement.m in Sources */,
				EB3F96A419B0CF6F008981D3 /* main.m in Sources */,
				EB0BFF6319B159EE00351D47 /* Amount.m in Sources */,
			);
			runOnlyForDeploymentPostprocessing = 0;
		};
		EB3F96B119B0CF6F008981D3 /* Sources */ = {
			isa = PBXSourcesBuildPhase;
			buildActionMask = 2147483647;
			files = (
				EB3F96C319B0CF6F008981D3 /* GroceryDudeTests.m in Sources */,
			);
			runOnlyForDeploymentPostprocessing = 0;
		};
/* End PBXSourcesBuildPhase section */

/* Begin PBXTargetDependency section */
		EB3F96BB19B0CF6F008981D3 /* PBXTargetDependency */ = {
			isa = PBXTargetDependency;
			target = EB3F969319B0CF6F008981D3 /* GroceryDude */;
			targetProxy = EB3F96BA19B0CF6F008981D3 /* PBXContainerItemProxy */;
		};
/* End PBXTargetDependency section */

/* Begin PBXVariantGroup section */
		EB3F96A019B0CF6F008981D3 /* InfoPlist.strings */ = {
			isa = PBXVariantGroup;
			children = (
				EB3F96A119B0CF6F008981D3 /* en */,
			);
			name = InfoPlist.strings;
			sourceTree = "<group>";
		};
		EB3F96A919B0CF6F008981D3 /* Main.storyboard */ = {
			isa = PBXVariantGroup;
			children = (
				EB3F96AA19B0CF6F008981D3 /* Base */,
			);
			name = Main.storyboard;
			sourceTree = "<group>";
		};
		EB3F96BF19B0CF6F008981D3 /* InfoPlist.strings */ = {
			isa = PBXVariantGroup;
			children = (
				EB3F96C019B0CF6F008981D3 /* en */,
			);
			name = InfoPlist.strings;
			sourceTree = "<group>";
		};
/* End PBXVariantGroup section */

/* Begin XCBuildConfiguration section */
		EB3F96C419B0CF6F008981D3 /* Debug */ = {
			isa = XCBuildConfiguration;
			buildSettings = {
				ALWAYS_SEARCH_USER_PATHS = NO;
				CLANG_CXX_LANGUAGE_STANDARD = "gnu++0x";
				CLANG_CXX_LIBRARY = "libc++";
				CLANG_ENABLE_MODULES = YES;
				CLANG_ENABLE_OBJC_ARC = YES;
				CLANG_WARN_BOOL_CONVERSION = YES;
				CLANG_WARN_CONSTANT_CONVERSION = YES;
				CLANG_WARN_DIRECT_OBJC_ISA_USAGE = YES_ERROR;
				CLANG_WARN_EMPTY_BODY = YES;
				CLANG_WARN_ENUM_CONVERSION = YES;
				CLANG_WARN_INT_CONVERSION = YES;
				CLANG_WARN_OBJC_ROOT_CLASS = YES_ERROR;
				CLANG_WARN__DUPLICATE_METHOD_MATCH = YES;
				"CODE_SIGN_IDENTITY[sdk=iphoneos*]" = "iPhone Developer";
				COPY_PHASE_STRIP = NO;
				GCC_C_LANGUAGE_STANDARD = gnu99;
				GCC_DYNAMIC_NO_PIC = NO;
				GCC_OPTIMIZATION_LEVEL = 0;
				GCC_PREPROCESSOR_DEFINITIONS = (
					"DEBUG=1",
					"$(inherited)",
				);
				GCC_SYMBOLS_PRIVATE_EXTERN = NO;
				GCC_WARN_64_TO_32_BIT_CONVERSION = YES;
				GCC_WARN_ABOUT_RETURN_TYPE = YES_ERROR;
				GCC_WARN_UNDECLARED_SELECTOR = YES;
				GCC_WARN_UNINITIALIZED_AUTOS = YES_AGGRESSIVE;
				GCC_WARN_UNUSED_FUNCTION = YES;
				GCC_WARN_UNUSED_VARIABLE = YES;
				IPHONEOS_DEPLOYMENT_TARGET = 7.1;
				ONLY_ACTIVE_ARCH = YES;
				SDKROOT = iphoneos;
			};
			name = Debug;
		};
		EB3F96C519B0CF6F008981D3 /* Release */ = {
			isa = XCBuildConfiguration;
			buildSettings = {
				ALWAYS_SEARCH_USER_PATHS = NO;
				CLANG_CXX_LANGUAGE_STANDARD = "gnu++0x";
				CLANG_CXX_LIBRARY = "libc++";
				CLANG_ENABLE_MODULES = YES;
				CLANG_ENABLE_OBJC_ARC = YES;
				CLANG_WARN_BOOL_CONVERSION = YES;
				CLANG_WARN_CONSTANT_CONVERSION = YES;
				CLANG_WARN_DIRECT_OBJC_ISA_USAGE = YES_ERROR;
				CLANG_WARN_EMPTY_BODY = YES;
				CLANG_WARN_ENUM_CONVERSION = YES;
				CLANG_WARN_INT_CONVERSION = YES;
				CLANG_WARN_OBJC_ROOT_CLASS = YES_ERROR;
				CLANG_WARN__DUPLICATE_METHOD_MATCH = YES;
				"CODE_SIGN_IDENTITY[sdk=iphoneos*]" = "iPhone Developer";
				COPY_PHASE_STRIP = YES;
				ENABLE_NS_ASSERTIONS = NO;
				GCC_C_LANGUAGE_STANDARD = gnu99;
				GCC_WARN_64_TO_32_BIT_CONVERSION = YES;
				GCC_WARN_ABOUT_RETURN_TYPE = YES_ERROR;
				GCC_WARN_UNDECLARED_SELECTOR = YES;
				GCC_WARN_UNINITIALIZED_AUTOS = YES_AGGRESSIVE;
				GCC_WARN_UNUSED_FUNCTION = YES;
				GCC_WARN_UNUSED_VARIABLE = YES;
				IPHONEOS_DEPLOYMENT_TARGET = 7.1;
				SDKROOT = iphoneos;
				VALIDATE_PRODUCT = YES;
			};
			name = Release;
		};
		EB3F96C719B0CF6F008981D3 /* Debug */ = {
			isa = XCBuildConfiguration;
			buildSettings = {
				ASSETCATALOG_COMPILER_APPICON_NAME = AppIcon;
				ASSETCATALOG_COMPILER_LAUNCHIMAGE_NAME = LaunchImage;
				GCC_PRECOMPILE_PREFIX_HEADER = YES;
				GCC_PREFIX_HEADER = "GroceryDude/GroceryDude-Prefix.pch";
				INFOPLIST_FILE = "GroceryDude/GroceryDude-Info.plist";
				PRODUCT_NAME = "$(TARGET_NAME)";
				WRAPPER_EXTENSION = app;
			};
			name = Debug;
		};
		EB3F96C819B0CF6F008981D3 /* Release */ = {
			isa = XCBuildConfiguration;
			buildSettings = {
				ASSETCATALOG_COMPILER_APPICON_NAME = AppIcon;
				ASSETCATALOG_COMPILER_LAUNCHIMAGE_NAME = LaunchImage;
				GCC_PRECOMPILE_PREFIX_HEADER = YES;
				GCC_PREFIX_HEADER = "GroceryDude/GroceryDude-Prefix.pch";
				INFOPLIST_FILE = "GroceryDude/GroceryDude-Info.plist";
				PRODUCT_NAME = "$(TARGET_NAME)";
				WRAPPER_EXTENSION = app;
			};
			name = Release;
		};
		EB3F96CA19B0CF6F008981D3 /* Debug */ = {
			isa = XCBuildConfiguration;
			buildSettings = {
				BUNDLE_LOADER = "$(BUILT_PRODUCTS_DIR)/GroceryDude.app/GroceryDude";
				FRAMEWORK_SEARCH_PATHS = (
					"$(SDKROOT)/Developer/Library/Frameworks",
					"$(inherited)",
					"$(DEVELOPER_FRAMEWORKS_DIR)",
				);
				GCC_PRECOMPILE_PREFIX_HEADER = YES;
				GCC_PREFIX_HEADER = "GroceryDude/GroceryDude-Prefix.pch";
				GCC_PREPROCESSOR_DEFINITIONS = (
					"DEBUG=1",
					"$(inherited)",
				);
				INFOPLIST_FILE = "GroceryDudeTests/GroceryDudeTests-Info.plist";
				PRODUCT_NAME = "$(TARGET_NAME)";
				TEST_HOST = "$(BUNDLE_LOADER)";
				WRAPPER_EXTENSION = xctest;
			};
			name = Debug;
		};
		EB3F96CB19B0CF6F008981D3 /* Release */ = {
			isa = XCBuildConfiguration;
			buildSettings = {
				BUNDLE_LOADER = "$(BUILT_PRODUCTS_DIR)/GroceryDude.app/GroceryDude";
				FRAMEWORK_SEARCH_PATHS = (
					"$(SDKROOT)/Developer/Library/Frameworks",
					"$(inherited)",
					"$(DEVELOPER_FRAMEWORKS_DIR)",
				);
				GCC_PRECOMPILE_PREFIX_HEADER = YES;
				GCC_PREFIX_HEADER = "GroceryDude/GroceryDude-Prefix.pch";
				INFOPLIST_FILE = "GroceryDudeTests/GroceryDudeTests-Info.plist";
				PRODUCT_NAME = "$(TARGET_NAME)";
				TEST_HOST = "$(BUNDLE_LOADER)";
				WRAPPER_EXTENSION = xctest;
			};
			name = Release;
		};
/* End XCBuildConfiguration section */

/* Begin XCConfigurationList section */
		EB3F968F19B0CF6F008981D3 /* Build configuration list for PBXProject "GroceryDude" */ = {
			isa = XCConfigurationList;
			buildConfigurations = (
				EB3F96C419B0CF6F008981D3 /* Debug */,
				EB3F96C519B0CF6F008981D3 /* Release */,
			);
			defaultConfigurationIsVisible = 0;
			defaultConfigurationName = Release;
		};
		EB3F96C619B0CF6F008981D3 /* Build configuration list for PBXNativeTarget "GroceryDude" */ = {
			isa = XCConfigurationList;
			buildConfigurations = (
				EB3F96C719B0CF6F008981D3 /* Debug */,
				EB3F96C819B0CF6F008981D3 /* Release */,
			);
			defaultConfigurationIsVisible = 0;
			defaultConfigurationName = Release;
		};
		EB3F96C919B0CF6F008981D3 /* Build configuration list for PBXNativeTarget "GroceryDudeTests" */ = {
			isa = XCConfigurationList;
			buildConfigurations = (
				EB3F96CA19B0CF6F008981D3 /* Debug */,
				EB3F96CB19B0CF6F008981D3 /* Release */,
			);
			defaultConfigurationIsVisible = 0;
			defaultConfigurationName = Release;
		};
/* End XCConfigurationList section */

/* Begin XCVersionGroup section */
		EB3EF73819B13BF0004C403E /* Model.xcdatamodeld */ = {
			isa = XCVersionGroup;
			children = (
				EB0BFF5C19B156B300351D47 /* Model 2.xcdatamodel */,
				EB0BFF6019B159B200351D47 /* Model 3.xcdatamodel */,
				EB3EF73919B13BF0004C403E /* Model.xcdatamodel */,
			);
			currentVersion = EB0BFF6019B159B200351D47 /* Model 3.xcdatamodel */;
			path = Model.xcdatamodeld;
			sourceTree = "<group>";
			versionGroupType = wrapper.xcdatamodel;
		};
/* End XCVersionGroup section */
	};
	rootObject = EB3F968C19B0CF6F008981D3 /* Project object */;
}
